
Microsoft Visual Studio Solution File, Format Version 12.00
# Visual Studio Version 17
VisualStudioVersion = 17.7.34009.444
MinimumVisualStudioVersion = 10.0.40219.1
Project("{FAE04EC0-301F-11D3-BF4B-00C04F79EFBC}") = "EF-04-QLPT", "EF-04-QLPT\EF-04-QLPT.csproj", "{6B0CF307-5596-4270-8F18-14A6F54C3F70}"
EndProject
Global
	GlobalSection(SolutionConfigurationPlatforms) = preSolution
		Debug|Any CPU = Debug|Any CPU
		Release|Any CPU = Release|Any CPU
	EndGlobalSection
	GlobalSection(ProjectConfigurationPlatforms) = postSolution
		{6B0CF307-5596-4270-8F18-14A6F54C3F70}.Debug|Any CPU.ActiveCfg = Debug|Any CPU
		{6B0CF307-5596-4270-8F18-14A6F54C3F70}.Debug|Any CPU.Build.0 = Debug|Any CPU
		{6B0CF307-5596-4270-8F18-14A6F54C3F70}.Release|Any CPU.ActiveCfg = Release|Any CPU
		{6B0CF307-5596-4270-8F18-14A6F54C3F70}.Release|Any CPU.Build.0 = Release|Any CPU
	EndGlobalSection
	GlobalSection(SolutionProperties) = preSolution
		HideSolutionNode = FALSE
	EndGlobalSection
	GlobalSection(ExtensibilityGlobals) = postSolution
		SolutionGuid = {9743F075-731F-4432-9622-72E85043F010}
	EndGlobalSection
EndGlobal
